
Microsoft Visual Studio Solution File, Format Version 12.00
# Visual Studio Version 16
VisualStudioVersion = 16.0.30804.86
MinimumVisualStudioVersion = 10.0.40219.1
Project("{8BC9CEB8-8B4A-11D0-8D11-00A0C91BC942}") = "SimpleRedmineNotifier", "SimpleRedmineNotifier.vcxproj", "{C5CC4ABD-8981-448D-89DE-AB27343B8939}"
EndProject
Global
	GlobalSection(SolutionConfigurationPlatforms) = preSolution
		Debug|x64 = Debug|x64
		Release|x64 = Release|x64
	EndGlobalSection
	GlobalSection(ProjectConfigurationPlatforms) = postSolution
		{C5CC4ABD-8981-448D-89DE-AB27343B8939}.Debug|x64.ActiveCfg = Debug|x64
		{C5CC4ABD-8981-448D-89DE-AB27343B8939}.Debug|x64.Build.0 = Debug|x64
		{C5CC4ABD-8981-448D-89DE-AB27343B8939}.Release|x64.ActiveCfg = Release|x64
		{C5CC4ABD-8981-448D-89DE-AB27343B8939}.Release|x64.Build.0 = Release|x64
	EndGlobalSection
	GlobalSection(SolutionProperties) = preSolution
		HideSolutionNode = FALSE
	EndGlobalSection
	GlobalSection(ExtensibilityGlobals) = postSolution
		SolutionGuid = {1BDD9087-716B-4A5D-983F-30941245CB94}
	EndGlobalSection
EndGlobal
